
Microsoft Visual Studio Solution File, Format Version 12.00
# Visual Studio Version 17
VisualStudioVersion = 17.0.31903.59
MinimumVisualStudioVersion = 10.0.40219.1
Project("{FAE04EC0-301F-11D3-BF4B-00C04F79EFBC}") = "api", "api\api.csproj", "{5B7A4652-3135-4340-986C-817108AAE7C2}"
EndProject
Project("{FAE04EC0-301F-11D3-BF4B-00C04F79EFBC}") = "consoleapp", "consoleapp\consoleapp.csproj", "{FDE2BED2-3D71-4150-A714-B432AA81CF53}"
EndProject
Project("{FAE04EC0-301F-11D3-BF4B-00C04F79EFBC}") = "test", "test\test.csproj", "{4838CB2B-72B1-454B-9C99-5DF04E7BABFA}"
EndProject
Global
	GlobalSection(SolutionConfigurationPlatforms) = preSolution
		Debug|Any CPU = Debug|Any CPU
		Debug|x64 = Debug|x64
		Debug|x86 = Debug|x86
		Release|Any CPU = Release|Any CPU
		Release|x64 = Release|x64
		Release|x86 = Release|x86
	EndGlobalSection
	GlobalSection(ProjectConfigurationPlatforms) = postSolution
		{5B7A4652-3135-4340-986C-817108AAE7C2}.Debug|Any CPU.ActiveCfg = Debug|Any CPU
		{5B7A4652-3135-4340-986C-817108AAE7C2}.Debug|Any CPU.Build.0 = Debug|Any CPU
		{5B7A4652-3135-4340-986C-817108AAE7C2}.Debug|x64.ActiveCfg = Debug|Any CPU
		{5B7A4652-3135-4340-986C-817108AAE7C2}.Debug|x64.Build.0 = Debug|Any CPU
		{5B7A4652-3135-4340-986C-817108AAE7C2}.Debug|x86.ActiveCfg = Debug|Any CPU
		{5B7A4652-3135-4340-986C-817108AAE7C2}.Debug|x86.Build.0 = Debug|Any CPU
		{5B7A4652-3135-4340-986C-817108AAE7C2}.Release|Any CPU.ActiveCfg = Release|Any CPU
		{5B7A4652-3135-4340-986C-817108AAE7C2}.Release|Any CPU.Build.0 = Release|Any CPU
		{5B7A4652-3135-4340-986C-817108AAE7C2}.Release|x64.ActiveCfg = Release|Any CPU
		{5B7A4652-3135-4340-986C-817108AAE7C2}.Release|x64.Build.0 = Release|Any CPU
		{5B7A4652-3135-4340-986C-817108AAE7C2}.Release|x86.ActiveCfg = Release|Any CPU
		{5B7A4652-3135-4340-986C-817108AAE7C2}.Release|x86.Build.0 = Release|Any CPU
		{FDE2BED2-3D71-4150-A714-B432AA81CF53}.Debug|Any CPU.ActiveCfg = Debug|Any CPU
		{FDE2BED2-3D71-4150-A714-B432AA81CF53}.Debug|Any CPU.Build.0 = Debug|Any CPU
		{FDE2BED2-3D71-4150-A714-B432AA81CF53}.Debug|x64.ActiveCfg = Debug|Any CPU
		{FDE2BED2-3D71-4150-A714-B432AA81CF53}.Debug|x64.Build.0 = Debug|Any CPU
		{FDE2BED2-3D71-4150-A714-B432AA81CF53}.Debug|x86.ActiveCfg = Debug|Any CPU
		{FDE2BED2-3D71-4150-A714-B432AA81CF53}.Debug|x86.Build.0 = Debug|Any CPU
		{FDE2BED2-3D71-4150-A714-B432AA81CF53}.Release|Any CPU.ActiveCfg = Release|Any CPU
		{FDE2BED2-3D71-4150-A714-B432AA81CF53}.Release|Any CPU.Build.0 = Release|Any CPU
		{FDE2BED2-3D71-4150-A714-B432AA81CF53}.Release|x64.ActiveCfg = Release|Any CPU
		{FDE2BED2-3D71-4150-A714-B432AA81CF53}.Release|x64.Build.0 = Release|Any CPU
		{FDE2BED2-3D71-4150-A714-B432AA81CF53}.Release|x86.ActiveCfg = Release|Any CPU
		{FDE2BED2-3D71-4150-A714-B432AA81CF53}.Release|x86.Build.0 = Release|Any CPU
		{4838CB2B-72B1-454B-9C99-5DF04E7BABFA}.Debug|Any CPU.ActiveCfg = Debug|Any CPU
		{4838CB2B-72B1-454B-9C99-5DF04E7BABFA}.Debug|Any CPU.Build.0 = Debug|Any CPU
		{4838CB2B-72B1-454B-9C99-5DF04E7BABFA}.Debug|x64.ActiveCfg = Debug|Any CPU
		{4838CB2B-72B1-454B-9C99-5DF04E7BABFA}.Debug|x64.Build.0 = Debug|Any CPU
		{4838CB2B-72B1-454B-9C99-5DF04E7BABFA}.Debug|x86.ActiveCfg = Debug|Any CPU
		{4838CB2B-72B1-454B-9C99-5DF04E7BABFA}.Debug|x86.Build.0 = Debug|Any CPU
		{4838CB2B-72B1-454B-9C99-5DF04E7BABFA}.Release|Any CPU.ActiveCfg = Release|Any CPU
		{4838CB2B-72B1-454B-9C99-5DF04E7BABFA}.Release|Any CPU.Build.0 = Release|Any CPU
		{4838CB2B-72B1-454B-9C99-5DF04E7BABFA}.Release|x64.ActiveCfg = Release|Any CPU
		{4838CB2B-72B1-454B-9C99-5DF04E7BABFA}.Release|x64.Build.0 = Release|Any CPU
		{4838CB2B-72B1-454B-9C99-5DF04E7BABFA}.Release|x86.ActiveCfg = Release|Any CPU
		{4838CB2B-72B1-454B-9C99-5DF04E7BABFA}.Release|x86.Build.0 = Release|Any CPU
	EndGlobalSection
	GlobalSection(SolutionProperties) = preSolution
		HideSolutionNode = FALSE
	EndGlobalSection
EndGlobal
